{
  "version": "5",
  "specifiers": {
    "jsr:@std/assert@1": "1.0.15",
    "jsr:@std/assert@^1.0.14": "1.0.15",
    "jsr:@std/expect@*": "1.0.17",
    "jsr:@std/expect@^1.0.17": "1.0.17",
    "jsr:@std/internal@^1.0.10": "1.0.12",
    "jsr:@std/internal@^1.0.12": "1.0.12",
    "npm:moo@~0.5.2": "0.5.2",
    "npm:ts-proto@^2.7.7": "2.7.7",
    "npm:zod-to-x@*": "2.0.1_zod@3.25.49",
    "npm:zod-to-x@^2.0.1": "2.0.1_zod@3.25.49",
    "npm:zod@^4.1.12": "4.1.12"
  },
  "jsr": {
    "@std/assert@1.0.15": {
      "integrity": "d64018e951dbdfab9777335ecdb000c0b4e3df036984083be219ce5941e4703b",
      "dependencies": [
        "jsr:@std/internal@^1.0.12"
      ]
    },
    "@std/expect@1.0.17": {
      "integrity": "316b47dd65c33e3151344eb3267bf42efba17d1415425f07ed96185d67fc04d9",
      "dependencies": [
        "jsr:@std/assert@^1.0.14",
        "jsr:@std/internal@^1.0.10"
      ]
    },
    "@std/internal@1.0.12": {
      "integrity": "972a634fd5bc34b242024402972cd5143eac68d8dffaca5eaa4dba30ce17b027"
    }
  },
  "npm": {
    "@bufbuild/protobuf@2.9.0": {
      "integrity": "sha512-rnJenoStJ8nvmt9Gzye8nkYd6V22xUAnu4086ER7h1zJ508vStko4pMvDeQ446ilDTFpV5wnoc5YS7XvMwwMqA=="
    },
    "case-anything@2.1.13": {
      "integrity": "sha512-zlOQ80VrQ2Ue+ymH5OuM/DlDq64mEm+B9UTdHULv5osUMD6HalNTblf2b1u/m6QecjsnOkBpqVZ+XPwIVsy7Ng=="
    },
    "case@1.6.3": {
      "integrity": "sha512-mzDSXIPaFwVDvZAHqZ9VlbyF4yyXRuX6IvB06WvPYkqJVO24kX1PPhv9bfpKNFZyxYFmmgo03HUiD8iklmJYRQ=="
    },
    "detect-libc@1.0.3": {
      "integrity": "sha512-pGjwhsmsp4kL2RTz08wcOlGN83otlqHeD/Z5T8GXZB+/YcpQ/dgo+lbU8ZsGxV0HIvqqxo9l7mqYwyYMD9bKDg==",
      "bin": true
    },
    "dprint-node@1.0.8": {
      "integrity": "sha512-iVKnUtYfGrYcW1ZAlfR/F59cUVL8QIhWoBJoSjkkdua/dkWIgjZfiLMeTjiB06X0ZLkQ0M2C1VbUj/CxkIf1zg==",
      "dependencies": [
        "detect-libc"
      ]
    },
    "moo@0.5.2": {
      "integrity": "sha512-iSAJLHYKnX41mKcJKjqvnAN9sf0LMDTXDEvFv+ffuRR9a1MIuXLjMNL6EsnDHSkKLTWNqQQ5uo61P4EbU4NU+Q=="
    },
    "ts-poet@6.12.0": {
      "integrity": "sha512-xo+iRNMWqyvXpFTaOAvLPA5QAWO6TZrSUs5s4Odaya3epqofBu/fMLHEWl8jPmjhA0s9sgj9sNvF1BmaQlmQkA==",
      "dependencies": [
        "dprint-node"
      ]
    },
    "ts-proto-descriptors@2.0.0": {
      "integrity": "sha512-wHcTH3xIv11jxgkX5OyCSFfw27agpInAd6yh89hKG6zqIXnjW9SYqSER2CVQxdPj4czeOhGagNvZBEbJPy7qkw==",
      "dependencies": [
        "@bufbuild/protobuf"
      ]
    },
    "ts-proto@2.7.7": {
      "integrity": "sha512-/OfN9/Yriji2bbpOysZ/Jzc96isOKz+eBTJEcKaIZ0PR6x1TNgVm4Lz0zfbo+J0jwFO7fJjJyssefBPQ0o1V9A==",
      "dependencies": [
        "@bufbuild/protobuf",
        "case-anything",
        "ts-poet",
        "ts-proto-descriptors"
      ],
      "bin": true
    },
    "zod-to-x@2.0.1_zod@3.25.49": {
      "integrity": "sha512-bEoFr4wwEGrxggdOsXgKiDoAu35lKoGEMvspYVJYqSbTqu0wnh46mQyT708/7pBD67CqUa6xT3QJD7JC1SUy5Q==",
      "dependencies": [
        "case",
        "zod@3.25.49"
      ]
    },
    "zod@3.25.49": {
      "integrity": "sha512-JMMPMy9ZBk3XFEdbM3iL1brx4NUSejd6xr3ELrrGEfGb355gjhiAWtG3K5o+AViV/3ZfkIrCzXsZn6SbLwTR8Q=="
    },
    "zod@4.1.12": {
      "integrity": "sha512-JInaHOamG8pt5+Ey8kGmdcAcg3OL9reK8ltczgHTAwNhMys/6ThXHityHxVV2p3fkw/c+MAvBHFVYHFZDmjMCQ=="
    }
  },
  "workspace": {
    "dependencies": [
      "jsr:@std/assert@1",
      "jsr:@std/expect@^1.0.17",
      "npm:moo@~0.5.2",
      "npm:ts-proto@^2.7.7",
      "npm:zod-to-x@^2.0.1",
      "npm:zod@^4.1.12"
    ]
  }
}
